github.com/ryancswallace/jobman v1.8.1-0.20261003211041-62ac89b14547 h1:AR+vb92AFEpFhPVGFn3YDaZAVbPqjjt1hBCB6crNcc0=
github.com/ryancswallace/jobman v1.8.1-0.20261003211041-62ac89b14547/go.mod h1:LAIU0usDgXxmr8PQIAwG5tLOc//xqAMitvAfGFmufCQ=
go.yaml.in/yaml/v3 v3.0.5 h1:N6y/pJk8buWs9NY5ERU2HSMfm+IuD/OtfdAnq6kESPw=
go.yaml.in/yaml/v3 v3.0.5/go.mod h1:HVTZu1O7/Vkt2N+BFy8Zza+lnLsABggaTM2ZpNIGuKg=
