github.com/ryancswallace/jobman v1.8.0 h1:ocl0bWQbWPCsfhG17t6j9nVN44qd2pCcdLPx+dO5ic0=
github.com/ryancswallace/jobman v1.8.0/go.mod h1:VQ4owlWLT0di9Z1mPzEnE/5o4uUj/+Dqaaz84TBbEl8=
go.yaml.in/yaml/v3 v3.0.5 h1:N6y/pJk8buWs9NY5ERU2HSMfm+IuD/OtfdAnq6kESPw=
go.yaml.in/yaml/v3 v3.0.5/go.mod h1:HVTZu1O7/Vkt2N+BFy8Zza+lnLsABggaTM2ZpNIGuKg=
